// !$*UTF8*$!
{
	archiveVersion = 1;
	classes = {
	};
	objectVersion = 46;
	objects = {

/* Begin PBXBuildFile section */
		AA02098718E89BE500D6C1CB /* BoardQuadrant.cpp in Sources */ = {isa = PBXBuildFile; fileRef = AA02098518E89BE500D6C1CB /* BoardQuadrant.cpp */; };
		AA02098A18E89D2F00D6C1CB /* BoardPartition.cpp in Sources */ = {isa = PBXBuildFile; fileRef = AA02098818E89D2F00D6C1CB /* BoardPartition.cpp */; };
		AA84443918E75D8C0093D8CD /* main.cpp in Sources */ = {isa = PBXBuildFile; fileRef = AA84442518E75D8C0093D8CD /* main.cpp */; };
		AA84443A18E75D8C0093D8CD /* Bullet.cpp in Sources */ = {isa = PBXBuildFile; fileRef = AA84442718E75D8C0093D8CD /* Bullet.cpp */; };
		AA84443B18E75D8C0093D8CD /* GameObject.cpp in Sources */ = {isa = PBXBuildFile; fileRef = AA84442918E75D8C0093D8CD /* GameObject.cpp */; };
		AA84443C18E75D8C0093D8CD /* Player.cpp in Sources */ = {isa = PBXBuildFile; fileRef = AA84442B18E75D8C0093D8CD /* Player.cpp */; };
		AA84443D18E75D8C0093D8CD /* BulletPattern.cpp in Sources */ = {isa = PBXBuildFile; fileRef = AA84442E18E75D8C0093D8CD /* BulletPattern.cpp */; };
		AA84443E18E75D8C0093D8CD /* CyclicEllipseBulletPattern.cpp in Sources */ = {isa = PBXBuildFile; fileRef = AA84443018E75D8C0093D8CD /* CyclicEllipseBulletPattern.cpp */; };
		AA84443F18E75D8C0093D8CD /* FanOutBulletPattern.cpp in Sources */ = {isa = PBXBuildFile; fileRef = AA84443218E75D8C0093D8CD /* FanOutBulletPattern.cpp */; };
		AA84444018E75D8C0093D8CD /* OscillatingFanOutBulletPattern.cpp in Sources */ = {isa = PBXBuildFile; fileRef = AA84443418E75D8C0093D8CD /* OscillatingFanOutBulletPattern.cpp */; };
		AA84444118E75D8C0093D8CD /* RadialBulletPattern.cpp in Sources */ = {isa = PBXBuildFile; fileRef = AA84443618E75D8C0093D8CD /* RadialBulletPattern.cpp */; };
		AA84444218E75D8C0093D8CD /* testApp.cpp in Sources */ = {isa = PBXBuildFile; fileRef = AA84443818E75D8C0093D8CD /* testApp.cpp */; };
		AA84444918E769EE0093D8CD /* TargetedBulletPattern.cpp in Sources */ = {isa = PBXBuildFile; fileRef = AA84444718E769EE0093D8CD /* TargetedBulletPattern.cpp */; };
		AA84444C18E78A5D0093D8CD /* BulletPatternGroup.cpp in Sources */ = {isa = PBXBuildFile; fileRef = AA84444A18E78A5D0093D8CD /* BulletPatternGroup.cpp */; };
		AAC40C6918E86834000BBEAF /* libwgois64.a in Frameworks */ = {isa = PBXBuildFile; fileRef = AAC40C5018E86834000BBEAF /* libwgois64.a */; };
		AAC40C6A18E86834000BBEAF /* libOIS.a in Frameworks */ = {isa = PBXBuildFile; fileRef = AAC40C5218E86834000BBEAF /* libOIS.a */; };
		AAC40C6B18E86834000BBEAF /* OIS_static.lib in Frameworks */ = {isa = PBXBuildFile; fileRef = AAC40C5418E86834000BBEAF /* OIS_static.lib */; };
		AAC40C6C18E86834000BBEAF /* OIS_static_d.lib in Frameworks */ = {isa = PBXBuildFile; fileRef = AAC40C5518E86834000BBEAF /* OIS_static_d.lib */; };
		AAC40C6D18E86834000BBEAF /* OIS_vs2010_static.lib in Frameworks */ = {isa = PBXBuildFile; fileRef = AAC40C5718E86834000BBEAF /* OIS_vs2010_static.lib */; };
		AAC40C6E18E86834000BBEAF /* OIS_vs2010_static_d.lib in Frameworks */ = {isa = PBXBuildFile; fileRef = AAC40C5818E86834000BBEAF /* OIS_vs2010_static_d.lib */; };
		AAC40C6F18E86834000BBEAF /* ofxGamepad.cpp in Sources */ = {isa = PBXBuildFile; fileRef = AAC40C5B18E86834000BBEAF /* ofxGamepad.cpp */; };
		AAC40C7018E86834000BBEAF /* ofxGamepadCamera.cpp in Sources */ = {isa = PBXBuildFile; fileRef = AAC40C5D18E86834000BBEAF /* ofxGamepadCamera.cpp */; };
		AAC40C7118E86834000BBEAF /* ofxGamepadHandler.cpp in Sources */ = {isa = PBXBuildFile; fileRef = AAC40C6018E86834000BBEAF /* ofxGamepadHandler.cpp */; };
		AAC40C7218E86834000BBEAF /* ofxGamepadLinux.cpp in Sources */ = {isa = PBXBuildFile; fileRef = AAC40C6218E86834000BBEAF /* ofxGamepadLinux.cpp */; };
		AAC40C7318E86834000BBEAF /* ofxGamepadOIS.cpp in Sources */ = {isa = PBXBuildFile; fileRef = AAC40C6418E86834000BBEAF /* ofxGamepadOIS.cpp */; };
		BBAB23CB13894F3D00AA2426 /* GLUT.framework in CopyFiles */ = {isa = PBXBuildFile; fileRef = BBAB23BE13894E4700AA2426 /* GLUT.framework */; };
		E4328149138ABC9F0047C5CB /* openFrameworksDebug.a in Frameworks */ = {isa = PBXBuildFile; fileRef = E4328148138ABC890047C5CB /* openFrameworksDebug.a */; };
		E45BE97B0E8CC7DD009D7055 /* AGL.framework in Frameworks */ = {isa = PBXBuildFile; fileRef = E45BE9710E8CC7DD009D7055 /* AGL.framework */; };
		E45BE97C0E8CC7DD009D7055 /* ApplicationServices.framework in Frameworks */ = {isa = PBXBuildFile; fileRef = E45BE9720E8CC7DD009D7055 /* ApplicationServices.framework */; };
		E45BE97D0E8CC7DD009D7055 /* AudioToolbox.framework in Frameworks */ = {isa = PBXBuildFile; fileRef = E45BE9730E8CC7DD009D7055 /* AudioToolbox.framework */; };
		E45BE97E0E8CC7DD009D7055 /* Carbon.framework in Frameworks */ = {isa = PBXBuildFile; fileRef = E45BE9740E8CC7DD009D7055 /* Carbon.framework */; };
		E45BE97F0E8CC7DD009D7055 /* CoreAudio.framework in Frameworks */ = {isa = PBXBuildFile; fileRef = E45BE9750E8CC7DD009D7055 /* CoreAudio.framework */; };
		E45BE9800E8CC7DD009D7055 /* CoreFoundation.framework in Frameworks */ = {isa = PBXBuildFile; fileRef = E45BE9760E8CC7DD009D7055 /* CoreFoundation.framework */; };
		E45BE9810E8CC7DD009D7055 /* CoreServices.framework in Frameworks */ = {isa = PBXBuildFile; fileRef = E45BE9770E8CC7DD009D7055 /* CoreServices.framework */; };
		E45BE9830E8CC7DD009D7055 /* OpenGL.framework in Frameworks */ = {isa = PBXBuildFile; fileRef = E45BE9790E8CC7DD009D7055 /* OpenGL.framework */; };
		E45BE9840E8CC7DD009D7055 /* QuickTime.framework in Frameworks */ = {isa = PBXBuildFile; fileRef = E45BE97A0E8CC7DD009D7055 /* QuickTime.framework */; };
		E4C2424710CC5A17004149E2 /* AppKit.framework in Frameworks */ = {isa = PBXBuildFile; fileRef = E4C2424410CC5A17004149E2 /* AppKit.framework */; };
		E4C2424810CC5A17004149E2 /* Cocoa.framework in Frameworks */ = {isa = PBXBuildFile; fileRef = E4C2424510CC5A17004149E2 /* Cocoa.framework */; };
		E4C2424910CC5A17004149E2 /* IOKit.framework in Frameworks */ = {isa = PBXBuildFile; fileRef = E4C2424610CC5A17004149E2 /* IOKit.framework */; };
		E4EB6799138ADC1D00A09F29 /* GLUT.framework in Frameworks */ = {isa = PBXBuildFile; fileRef = BBAB23BE13894E4700AA2426 /* GLUT.framework */; };
		E7E077E515D3B63C0020DFD4 /* CoreVideo.framework in Frameworks */ = {isa = PBXBuildFile; fileRef = E7E077E415D3B63C0020DFD4 /* CoreVideo.framework */; };
		E7E077E815D3B6510020DFD4 /* QTKit.framework in Frameworks */ = {isa = PBXBuildFile; fileRef = E7E077E715D3B6510020DFD4 /* QTKit.framework */; };
		E7F985F815E0DEA3003869B5 /* Accelerate.framework in Frameworks */ = {isa = PBXBuildFile; fileRef = E7F985F515E0DE99003869B5 /* Accelerate.framework */; };
/* End PBXBuildFile section */

/* Begin PBXContainerItemProxy section */
		E4328147138ABC890047C5CB /* PBXContainerItemProxy */ = {
			isa = PBXContainerItemProxy;
			containerPortal = E4328143138ABC890047C5CB /* openFrameworksLib.xcodeproj */;
			proxyType = 2;
			remoteGlobalIDString = E4B27C1510CBEB8E00536013;
			remoteInfo = openFrameworks;
		};
		E4EEB9AB138B136A00A80321 /* PBXContainerItemProxy */ = {
			isa = PBXContainerItemProxy;
			containerPortal = E4328143138ABC890047C5CB /* openFrameworksLib.xcodeproj */;
			proxyType = 1;
			remoteGlobalIDString = E4B27C1410CBEB8E00536013;
			remoteInfo = openFrameworks;
		};
/* End PBXContainerItemProxy section */

/* Begin PBXCopyFilesBuildPhase section */
		E4C2427710CC5ABF004149E2 /* CopyFiles */ = {
			isa = PBXCopyFilesBuildPhase;
			buildActionMask = 2147483647;
			dstPath = "";
			dstSubfolderSpec = 10;
			files = (
				BBAB23CB13894F3D00AA2426 /* GLUT.framework in CopyFiles */,
			);
			runOnlyForDeploymentPostprocessing = 0;
		};
/* End PBXCopyFilesBuildPhase section */

/* Begin PBXFileReference section */
		AA02098518E89BE500D6C1CB /* BoardQuadrant.cpp */ = {isa = PBXFileReference; fileEncoding = 4; lastKnownFileType = sourcecode.cpp.cpp; path = BoardQuadrant.cpp; sourceTree = "<group>"; };
		AA02098618E89BE500D6C1CB /* BoardQuadrant.h */ = {isa = PBXFileReference; fileEncoding = 4; lastKnownFileType = sourcecode.c.h; path = BoardQuadrant.h; sourceTree = "<group>"; };
		AA02098818E89D2F00D6C1CB /* BoardPartition.cpp */ = {isa = PBXFileReference; fileEncoding = 4; lastKnownFileType = sourcecode.cpp.cpp; path = BoardPartition.cpp; sourceTree = "<group>"; };
		AA02098918E89D2F00D6C1CB /* BoardPartition.h */ = {isa = PBXFileReference; fileEncoding = 4; lastKnownFileType = sourcecode.c.h; path = BoardPartition.h; sourceTree = "<group>"; };
		AA84442518E75D8C0093D8CD /* main.cpp */ = {isa = PBXFileReference; fileEncoding = 4; lastKnownFileType = sourcecode.cpp.cpp; path = main.cpp; sourceTree = "<group>"; };
		AA84442718E75D8C0093D8CD /* Bullet.cpp */ = {isa = PBXFileReference; fileEncoding = 4; lastKnownFileType = sourcecode.cpp.cpp; path = Bullet.cpp; sourceTree = "<group>"; };
		AA84442818E75D8C0093D8CD /* Bullet.h */ = {isa = PBXFileReference; fileEncoding = 4; lastKnownFileType = sourcecode.c.h; path = Bullet.h; sourceTree = "<group>"; };
		AA84442918E75D8C0093D8CD /* GameObject.cpp */ = {isa = PBXFileReference; fileEncoding = 4; lastKnownFileType = sourcecode.cpp.cpp; path = GameObject.cpp; sourceTree = "<group>"; };
		AA84442A18E75D8C0093D8CD /* GameObject.h */ = {isa = PBXFileReference; fileEncoding = 4; lastKnownFileType = sourcecode.c.h; path = GameObject.h; sourceTree = "<group>"; };
		AA84442B18E75D8C0093D8CD /* Player.cpp */ = {isa = PBXFileReference; fileEncoding = 4; lastKnownFileType = sourcecode.cpp.cpp; path = Player.cpp; sourceTree = "<group>"; };
		AA84442C18E75D8C0093D8CD /* Player.h */ = {isa = PBXFileReference; fileEncoding = 4; lastKnownFileType = sourcecode.c.h; path = Player.h; sourceTree = "<group>"; };
		AA84442E18E75D8C0093D8CD /* BulletPattern.cpp */ = {isa = PBXFileReference; fileEncoding = 4; lastKnownFileType = sourcecode.cpp.cpp; path = BulletPattern.cpp; sourceTree = "<group>"; };
		AA84442F18E75D8C0093D8CD /* BulletPattern.h */ = {isa = PBXFileReference; fileEncoding = 4; lastKnownFileType = sourcecode.c.h; path = BulletPattern.h; sourceTree = "<group>"; };
		AA84443018E75D8C0093D8CD /* CyclicEllipseBulletPattern.cpp */ = {isa = PBXFileReference; fileEncoding = 4; lastKnownFileType = sourcecode.cpp.cpp; path = CyclicEllipseBulletPattern.cpp; sourceTree = "<group>"; };
		AA84443118E75D8C0093D8CD /* CyclicEllipseBulletPattern.h */ = {isa = PBXFileReference; fileEncoding = 4; lastKnownFileType = sourcecode.c.h; path = CyclicEllipseBulletPattern.h; sourceTree = "<group>"; };
		AA84443218E75D8C0093D8CD /* FanOutBulletPattern.cpp */ = {isa = PBXFileReference; fileEncoding = 4; lastKnownFileType = sourcecode.cpp.cpp; path = FanOutBulletPattern.cpp; sourceTree = "<group>"; };
		AA84443318E75D8C0093D8CD /* FanOutBulletPattern.h */ = {isa = PBXFileReference; fileEncoding = 4; lastKnownFileType = sourcecode.c.h; path = FanOutBulletPattern.h; sourceTree = "<group>"; };
		AA84443418E75D8C0093D8CD /* OscillatingFanOutBulletPattern.cpp */ = {isa = PBXFileReference; fileEncoding = 4; lastKnownFileType = sourcecode.cpp.cpp; path = OscillatingFanOutBulletPattern.cpp; sourceTree = "<group>"; };
		AA84443518E75D8C0093D8CD /* OscillatingFanOutBulletPattern.h */ = {isa = PBXFileReference; fileEncoding = 4; lastKnownFileType = sourcecode.c.h; path = OscillatingFanOutBulletPattern.h; sourceTree = "<group>"; };
		AA84443618E75D8C0093D8CD /* RadialBulletPattern.cpp */ = {isa = PBXFileReference; fileEncoding = 4; lastKnownFileType = sourcecode.cpp.cpp; path = RadialBulletPattern.cpp; sourceTree = "<group>"; };
		AA84443718E75D8C0093D8CD /* RadialBulletPattern.h */ = {isa = PBXFileReference; fileEncoding = 4; lastKnownFileType = sourcecode.c.h; path = RadialBulletPattern.h; sourceTree = "<group>"; };
		AA84443818E75D8C0093D8CD /* testApp.cpp */ = {isa = PBXFileReference; fileEncoding = 4; lastKnownFileType = sourcecode.cpp.cpp; path = testApp.cpp; sourceTree = "<group>"; };
		AA84444318E75D930093D8CD /* testApp.h */ = {isa = PBXFileReference; fileEncoding = 4; lastKnownFileType = sourcecode.c.h; path = testApp.h; sourceTree = "<group>"; };
		AA84444718E769EE0093D8CD /* TargetedBulletPattern.cpp */ = {isa = PBXFileReference; fileEncoding = 4; lastKnownFileType = sourcecode.cpp.cpp; path = TargetedBulletPattern.cpp; sourceTree = "<group>"; };
		AA84444818E769EE0093D8CD /* TargetedBulletPattern.h */ = {isa = PBXFileReference; fileEncoding = 4; lastKnownFileType = sourcecode.c.h; path = TargetedBulletPattern.h; sourceTree = "<group>"; };
		AA84444A18E78A5D0093D8CD /* BulletPatternGroup.cpp */ = {isa = PBXFileReference; fileEncoding = 4; lastKnownFileType = sourcecode.cpp.cpp; path = BulletPatternGroup.cpp; sourceTree = "<group>"; };
		AA84444B18E78A5D0093D8CD /* BulletPatternGroup.h */ = {isa = PBXFileReference; fileEncoding = 4; lastKnownFileType = sourcecode.c.h; path = BulletPatternGroup.h; sourceTree = "<group>"; };
		AAC40C0D18E86463000BBEAF /* emptyExampleDebug.app */ = {isa = PBXFileReference; explicitFileType = wrapper.application; includeInIndex = 0; path = emptyExampleDebug.app; sourceTree = BUILT_PRODUCTS_DIR; };
		AAC40C1018E86834000BBEAF /* .gitignore */ = {isa = PBXFileReference; fileEncoding = 4; lastKnownFileType = text; path = .gitignore; sourceTree = "<group>"; };
		AAC40C2918E86834000BBEAF /* EventHelpers.h */ = {isa = PBXFileReference; fileEncoding = 4; lastKnownFileType = sourcecode.c.h; path = EventHelpers.h; sourceTree = "<group>"; };
		AAC40C2A18E86834000BBEAF /* LinuxForceFeedback.h */ = {isa = PBXFileReference; fileEncoding = 4; lastKnownFileType = sourcecode.c.h; path = LinuxForceFeedback.h; sourceTree = "<group>"; };
		AAC40C2B18E86834000BBEAF /* LinuxInputManager.h */ = {isa = PBXFileReference; fileEncoding = 4; lastKnownFileType = sourcecode.c.h; path = LinuxInputManager.h; sourceTree = "<group>"; };
		AAC40C2C18E86834000BBEAF /* LinuxJoyStickEvents.h */ = {isa = PBXFileReference; fileEncoding = 4; lastKnownFileType = sourcecode.c.h; path = LinuxJoyStickEvents.h; sourceTree = "<group>"; };
		AAC40C2D18E86834000BBEAF /* LinuxKeyboard.h */ = {isa = PBXFileReference; fileEncoding = 4; lastKnownFileType = sourcecode.c.h; path = LinuxKeyboard.h; sourceTree = "<group>"; };
		AAC40C2E18E86834000BBEAF /* LinuxMouse.h */ = {isa = PBXFileReference; fileEncoding = 4; lastKnownFileType = sourcecode.c.h; path = LinuxMouse.h; sourceTree = "<group>"; };
		AAC40C2F18E86834000BBEAF /* LinuxPrereqs.h */ = {isa = PBXFileReference; fileEncoding = 4; lastKnownFileType = sourcecode.c.h; path = LinuxPrereqs.h; sourceTree = "<group>"; };
		AAC40C3118E86834000BBEAF /* MacHelpers.h */ = {isa = PBXFileReference; fileEncoding = 4; lastKnownFileType = sourcecode.c.h; path = MacHelpers.h; sourceTree = "<group>"; };
		AAC40C3218E86834000BBEAF /* MacHIDManager.h */ = {isa = PBXFileReference; fileEncoding = 4; lastKnownFileType = sourcecode.c.h; path = MacHIDManager.h; sourceTree = "<group>"; };
		AAC40C3318E86834000BBEAF /* MacInputManager.h */ = {isa = PBXFileReference; fileEncoding = 4; lastKnownFileType = sourcecode.c.h; path = MacInputManager.h; sourceTree = "<group>"; };
		AAC40C3418E86834000BBEAF /* MacJoyStick.h */ = {isa = PBXFileReference; fileEncoding = 4; lastKnownFileType = sourcecode.c.h; path = MacJoyStick.h; sourceTree = "<group>"; };
		AAC40C3518E86834000BBEAF /* MacKeyboard.h */ = {isa = PBXFileReference; fileEncoding = 4; lastKnownFileType = sourcecode.c.h; path = MacKeyboard.h; sourceTree = "<group>"; };
		AAC40C3618E86834000BBEAF /* MacMouse.h */ = {isa = PBXFileReference; fileEncoding = 4; lastKnownFileType = sourcecode.c.h; path = MacMouse.h; sourceTree = "<group>"; };
		AAC40C3718E86834000BBEAF /* MacPrereqs.h */ = {isa = PBXFileReference; fileEncoding = 4; lastKnownFileType = sourcecode.c.h; path = MacPrereqs.h; sourceTree = "<group>"; };
		AAC40C3818E86834000BBEAF /* OIS.h */ = {isa = PBXFileReference; fileEncoding = 4; lastKnownFileType = sourcecode.c.h; path = OIS.h; sourceTree = "<group>"; };
		AAC40C3918E86834000BBEAF /* OISConfig.h */ = {isa = PBXFileReference; fileEncoding = 4; lastKnownFileType = sourcecode.c.h; path = OISConfig.h; sourceTree = "<group>"; };
		AAC40C3A18E86834000BBEAF /* OISEffect.h */ = {isa = PBXFileReference; fileEncoding = 4; lastKnownFileType = sourcecode.c.h; path = OISEffect.h; sourceTree = "<group>"; };
		AAC40C3B18E86834000BBEAF /* OISEvents.h */ = {isa = PBXFileReference; fileEncoding = 4; lastKnownFileType = sourcecode.c.h; path = OISEvents.h; sourceTree = "<group>"; };
		AAC40C3C18E86834000BBEAF /* OISException.h */ = {isa = PBXFileReference; fileEncoding = 4; lastKnownFileType = sourcecode.c.h; path = OISException.h; sourceTree = "<group>"; };
		AAC40C3D18E86834000BBEAF /* OISFactoryCreator.h */ = {isa = PBXFileReference; fileEncoding = 4; lastKnownFileType = sourcecode.c.h; path = OISFactoryCreator.h; sourceTree = "<group>"; };
		AAC40C3E18E86834000BBEAF /* OISForceFeedback.h */ = {isa = PBXFileReference; fileEncoding = 4; lastKnownFileType = sourcecode.c.h; path = OISForceFeedback.h; sourceTree = "<group>"; };
		AAC40C3F18E86834000BBEAF /* OISInputManager.h */ = {isa = PBXFileReference; fileEncoding = 4; lastKnownFileType = sourcecode.c.h; path = OISInputManager.h; sourceTree = "<group>"; };
		AAC40C4018E86834000BBEAF /* OISInterface.h */ = {isa = PBXFileReference; fileEncoding = 4; lastKnownFileType = sourcecode.c.h; path = OISInterface.h; sourceTree = "<group>"; };
		AAC40C4118E86834000BBEAF /* OISJoyStick.h */ = {isa = PBXFileReference; fileEncoding = 4; lastKnownFileType = sourcecode.c.h; path = OISJoyStick.h; sourceTree = "<group>"; };
		AAC40C4218E86834000BBEAF /* OISKeyboard.h */ = {isa = PBXFileReference; fileEncoding = 4; lastKnownFileType = sourcecode.c.h; path = OISKeyboard.h; sourceTree = "<group>"; };
		AAC40C4318E86834000BBEAF /* OISMouse.h */ = {isa = PBXFileReference; fileEncoding = 4; lastKnownFileType = sourcecode.c.h; path = OISMouse.h; sourceTree = "<group>"; };
		AAC40C4418E86834000BBEAF /* OISMultiTouch.h */ = {isa = PBXFileReference; fileEncoding = 4; lastKnownFileType = sourcecode.c.h; path = OISMultiTouch.h; sourceTree = "<group>"; };
		AAC40C4518E86834000BBEAF /* OISObject.h */ = {isa = PBXFileReference; fileEncoding = 4; lastKnownFileType = sourcecode.c.h; path = OISObject.h; sourceTree = "<group>"; };
		AAC40C4618E86834000BBEAF /* OISPrereqs.h */ = {isa = PBXFileReference; fileEncoding = 4; lastKnownFileType = sourcecode.c.h; path = OISPrereqs.h; sourceTree = "<group>"; };
		AAC40C4818E86834000BBEAF /* Win32ForceFeedback.h */ = {isa = PBXFileReference; fileEncoding = 4; lastKnownFileType = sourcecode.c.h; path = Win32ForceFeedback.h; sourceTree = "<group>"; };
		AAC40C4918E86834000BBEAF /* Win32InputManager.h */ = {isa = PBXFileReference; fileEncoding = 4; lastKnownFileType = sourcecode.c.h; path = Win32InputManager.h; sourceTree = "<group>"; };
		AAC40C4A18E86834000BBEAF /* Win32JoyStick.h */ = {isa = PBXFileReference; fileEncoding = 4; lastKnownFileType = sourcecode.c.h; path = Win32JoyStick.h; sourceTree = "<group>"; };
		AAC40C4B18E86834000BBEAF /* Win32KeyBoard.h */ = {isa = PBXFileReference; fileEncoding = 4; lastKnownFileType = sourcecode.c.h; path = Win32KeyBoard.h; sourceTree = "<group>"; };
		AAC40C4C18E86834000BBEAF /* Win32Mouse.h */ = {isa = PBXFileReference; fileEncoding = 4; lastKnownFileType = sourcecode.c.h; path = Win32Mouse.h; sourceTree = "<group>"; };
		AAC40C4D18E86834000BBEAF /* Win32Prereqs.h */ = {isa = PBXFileReference; fileEncoding = 4; lastKnownFileType = sourcecode.c.h; path = Win32Prereqs.h; sourceTree = "<group>"; };
		AAC40C5018E86834000BBEAF /* libwgois64.a */ = {isa = PBXFileReference; lastKnownFileType = archive.ar; path = libwgois64.a; sourceTree = "<group>"; };
		AAC40C5218E86834000BBEAF /* libOIS.a */ = {isa = PBXFileReference; lastKnownFileType = archive.ar; path = libOIS.a; sourceTree = "<group>"; };
		AAC40C5418E86834000BBEAF /* OIS_static.lib */ = {isa = PBXFileReference; lastKnownFileType = archive.ar; path = OIS_static.lib; sourceTree = "<group>"; };
		AAC40C5518E86834000BBEAF /* OIS_static_d.lib */ = {isa = PBXFileReference; lastKnownFileType = archive.ar; path = OIS_static_d.lib; sourceTree = "<group>"; };
		AAC40C5718E86834000BBEAF /* OIS_vs2010_static.lib */ = {isa = PBXFileReference; lastKnownFileType = archive.ar; path = OIS_vs2010_static.lib; sourceTree = "<group>"; };
		AAC40C5818E86834000BBEAF /* OIS_vs2010_static_d.lib */ = {isa = PBXFileReference; lastKnownFileType = archive.ar; path = OIS_vs2010_static_d.lib; sourceTree = "<group>"; };
		AAC40C5918E86834000BBEAF /* README */ = {isa = PBXFileReference; fileEncoding = 4; lastKnownFileType = text; path = README; sourceTree = "<group>"; };
		AAC40C5B18E86834000BBEAF /* ofxGamepad.cpp */ = {isa = PBXFileReference; fileEncoding = 4; lastKnownFileType = sourcecode.cpp.cpp; path = ofxGamepad.cpp; sourceTree = "<group>"; };
		AAC40C5C18E86834000BBEAF /* ofxGamepad.h */ = {isa = PBXFileReference; fileEncoding = 4; lastKnownFileType = sourcecode.c.h; path = ofxGamepad.h; sourceTree = "<group>"; };
		AAC40C5D18E86834000BBEAF /* ofxGamepadCamera.cpp */ = {isa = PBXFileReference; fileEncoding = 4; lastKnownFileType = sourcecode.cpp.cpp; path = ofxGamepadCamera.cpp; sourceTree = "<group>"; };
		AAC40C5E18E86834000BBEAF /* ofxGamepadCamera.h */ = {isa = PBXFileReference; fileEncoding = 4; lastKnownFileType = sourcecode.c.h; path = ofxGamepadCamera.h; sourceTree = "<group>"; };
		AAC40C5F18E86834000BBEAF /* ofxGamepadConfigs.h */ = {isa = PBXFileReference; fileEncoding = 4; lastKnownFileType = sourcecode.c.h; path = ofxGamepadConfigs.h; sourceTree = "<group>"; };
		AAC40C6018E86834000BBEAF /* ofxGamepadHandler.cpp */ = {isa = PBXFileReference; fileEncoding = 4; lastKnownFileType = sourcecode.cpp.cpp; path = ofxGamepadHandler.cpp; sourceTree = "<group>"; };
		AAC40C6118E86834000BBEAF /* ofxGamepadHandler.h */ = {isa = PBXFileReference; fileEncoding = 4; lastKnownFileType = sourcecode.c.h; path = ofxGamepadHandler.h; sourceTree = "<group>"; };
		AAC40C6218E86834000BBEAF /* ofxGamepadLinux.cpp */ = {isa = PBXFileReference; fileEncoding = 4; lastKnownFileType = sourcecode.cpp.cpp; path = ofxGamepadLinux.cpp; sourceTree = "<group>"; };
		AAC40C6318E86834000BBEAF /* ofxGamepadLinux.h */ = {isa = PBXFileReference; fileEncoding = 4; lastKnownFileType = sourcecode.c.h; path = ofxGamepadLinux.h; sourceTree = "<group>"; };
		AAC40C6418E86834000BBEAF /* ofxGamepadOIS.cpp */ = {isa = PBXFileReference; fileEncoding = 4; lastKnownFileType = sourcecode.cpp.cpp; path = ofxGamepadOIS.cpp; sourceTree = "<group>"; };
		AAC40C6518E86834000BBEAF /* ofxGamepadOIS.h */ = {isa = PBXFileReference; fileEncoding = 4; lastKnownFileType = sourcecode.c.h; path = ofxGamepadOIS.h; sourceTree = "<group>"; };
		BBAB23BE13894E4700AA2426 /* GLUT.framework */ = {isa = PBXFileReference; lastKnownFileType = wrapper.framework; name = GLUT.framework; path = ../../../libs/glut/lib/osx/GLUT.framework; sourceTree = "<group>"; };
		E4328143138ABC890047C5CB /* openFrameworksLib.xcodeproj */ = {isa = PBXFileReference; lastKnownFileType = "wrapper.pb-project"; name = openFrameworksLib.xcodeproj; path = ../../../libs/openFrameworksCompiled/project/osx/openFrameworksLib.xcodeproj; sourceTree = SOURCE_ROOT; };
		E45BE9710E8CC7DD009D7055 /* AGL.framework */ = {isa = PBXFileReference; lastKnownFileType = wrapper.framework; name = AGL.framework; path = /System/Library/Frameworks/AGL.framework; sourceTree = "<absolute>"; };
		E45BE9720E8CC7DD009D7055 /* ApplicationServices.framework */ = {isa = PBXFileReference; lastKnownFileType = wrapper.framework; name = ApplicationServices.framework; path = /System/Library/Frameworks/ApplicationServices.framework; sourceTree = "<absolute>"; };
		E45BE9730E8CC7DD009D7055 /* AudioToolbox.framework */ = {isa = PBXFileReference; lastKnownFileType = wrapper.framework; name = AudioToolbox.framework; path = /System/Library/Frameworks/AudioToolbox.framework; sourceTree = "<absolute>"; };
		E45BE9740E8CC7DD009D7055 /* Carbon.framework */ = {isa = PBXFileReference; lastKnownFileType = wrapper.framework; name = Carbon.framework; path = /System/Library/Frameworks/Carbon.framework; sourceTree = "<absolute>"; };
		E45BE9750E8CC7DD009D7055 /* CoreAudio.framework */ = {isa = PBXFileReference; lastKnownFileType = wrapper.framework; name = CoreAudio.framework; path = /System/Library/Frameworks/CoreAudio.framework; sourceTree = "<absolute>"; };
		E45BE9760E8CC7DD009D7055 /* CoreFoundation.framework */ = {isa = PBXFileReference; lastKnownFileType = wrapper.framework; name = CoreFoundation.framework; path = /System/Library/Frameworks/CoreFoundation.framework; sourceTree = "<absolute>"; };
		E45BE9770E8CC7DD009D7055 /* CoreServices.framework */ = {isa = PBXFileReference; lastKnownFileType = wrapper.framework; name = CoreServices.framework; path = /System/Library/Frameworks/CoreServices.framework; sourceTree = "<absolute>"; };
		E45BE9790E8CC7DD009D7055 /* OpenGL.framework */ = {isa = PBXFileReference; lastKnownFileType = wrapper.framework; name = OpenGL.framework; path = /System/Library/Frameworks/OpenGL.framework; sourceTree = "<absolute>"; };
		E45BE97A0E8CC7DD009D7055 /* QuickTime.framework */ = {isa = PBXFileReference; lastKnownFileType = wrapper.framework; name = QuickTime.framework; path = /System/Library/Frameworks/QuickTime.framework; sourceTree = "<absolute>"; };
		E4B6FCAD0C3E899E008CF71C /* openFrameworks-Info.plist */ = {isa = PBXFileReference; fileEncoding = 30; lastKnownFileType = text.plist.xml; path = "openFrameworks-Info.plist"; sourceTree = "<group>"; };
		E4C2424410CC5A17004149E2 /* AppKit.framework */ = {isa = PBXFileReference; lastKnownFileType = wrapper.framework; name = AppKit.framework; path = /System/Library/Frameworks/AppKit.framework; sourceTree = "<absolute>"; };
		E4C2424510CC5A17004149E2 /* Cocoa.framework */ = {isa = PBXFileReference; lastKnownFileType = wrapper.framework; name = Cocoa.framework; path = /System/Library/Frameworks/Cocoa.framework; sourceTree = "<absolute>"; };
		E4C2424610CC5A17004149E2 /* IOKit.framework */ = {isa = PBXFileReference; lastKnownFileType = wrapper.framework; name = IOKit.framework; path = /System/Library/Frameworks/IOKit.framework; sourceTree = "<absolute>"; };
		E4EB691F138AFCF100A09F29 /* CoreOF.xcconfig */ = {isa = PBXFileReference; fileEncoding = 4; lastKnownFileType = text.xcconfig; name = CoreOF.xcconfig; path = ../../../libs/openFrameworksCompiled/project/osx/CoreOF.xcconfig; sourceTree = SOURCE_ROOT; };
		E4EB6923138AFD0F00A09F29 /* Project.xcconfig */ = {isa = PBXFileReference; fileEncoding = 4; lastKnownFileType = text.xcconfig; path = Project.xcconfig; sourceTree = "<group>"; };
		E7E077E415D3B63C0020DFD4 /* CoreVideo.framework */ = {isa = PBXFileReference; lastKnownFileType = wrapper.framework; name = CoreVideo.framework; path = /System/Library/Frameworks/CoreVideo.framework; sourceTree = "<absolute>"; };
		E7E077E715D3B6510020DFD4 /* QTKit.framework */ = {isa = PBXFileReference; lastKnownFileType = wrapper.framework; name = QTKit.framework; path = /System/Library/Frameworks/QTKit.framework; sourceTree = "<absolute>"; };
		E7F985F515E0DE99003869B5 /* Accelerate.framework */ = {isa = PBXFileReference; lastKnownFileType = wrapper.framework; name = Accelerate.framework; path = /System/Library/Frameworks/Accelerate.framework; sourceTree = "<absolute>"; };
/* End PBXFileReference section */

/* Begin PBXFrameworksBuildPhase section */
		E4B69B590A3A1756003C02F2 /* Frameworks */ = {
			isa = PBXFrameworksBuildPhase;
			buildActionMask = 2147483647;
			files = (
				E7F985F815E0DEA3003869B5 /* Accelerate.framework in Frameworks */,
				AAC40C6D18E86834000BBEAF /* OIS_vs2010_static.lib in Frameworks */,
				AAC40C6B18E86834000BBEAF /* OIS_static.lib in Frameworks */,
				E7E077E815D3B6510020DFD4 /* QTKit.framework in Frameworks */,
				E4EB6799138ADC1D00A09F29 /* GLUT.framework in Frameworks */,
				E4328149138ABC9F0047C5CB /* openFrameworksDebug.a in Frameworks */,
				E45BE97B0E8CC7DD009D7055 /* AGL.framework in Frameworks */,
				E45BE97C0E8CC7DD009D7055 /* ApplicationServices.framework in Frameworks */,
				E45BE97D0E8CC7DD009D7055 /* AudioToolbox.framework in Frameworks */,
				E45BE97E0E8CC7DD009D7055 /* Carbon.framework in Frameworks */,
				E45BE97F0E8CC7DD009D7055 /* CoreAudio.framework in Frameworks */,
				E45BE9800E8CC7DD009D7055 /* CoreFoundation.framework in Frameworks */,
				E45BE9810E8CC7DD009D7055 /* CoreServices.framework in Frameworks */,
				E45BE9830E8CC7DD009D7055 /* OpenGL.framework in Frameworks */,
				AAC40C6E18E86834000BBEAF /* OIS_vs2010_static_d.lib in Frameworks */,
				E45BE9840E8CC7DD009D7055 /* QuickTime.framework in Frameworks */,
				AAC40C6918E86834000BBEAF /* libwgois64.a in Frameworks */,
				E4C2424710CC5A17004149E2 /* AppKit.framework in Frameworks */,
				E4C2424810CC5A17004149E2 /* Cocoa.framework in Frameworks */,
				AAC40C6A18E86834000BBEAF /* libOIS.a in Frameworks */,
				AAC40C6C18E86834000BBEAF /* OIS_static_d.lib in Frameworks */,
				E4C2424910CC5A17004149E2 /* IOKit.framework in Frameworks */,
				E7E077E515D3B63C0020DFD4 /* CoreVideo.framework in Frameworks */,
			);
			runOnlyForDeploymentPostprocessing = 0;
		};
/* End PBXFrameworksBuildPhase section */

/* Begin PBXGroup section */
		AA84442618E75D8C0093D8CD /* objects */ = {
			isa = PBXGroup;
			children = (
				AA84442718E75D8C0093D8CD /* Bullet.cpp */,
				AA84442818E75D8C0093D8CD /* Bullet.h */,
				AA84442918E75D8C0093D8CD /* GameObject.cpp */,
				AA84442A18E75D8C0093D8CD /* GameObject.h */,
				AA84442B18E75D8C0093D8CD /* Player.cpp */,
				AA84442C18E75D8C0093D8CD /* Player.h */,
				AA02098518E89BE500D6C1CB /* BoardQuadrant.cpp */,
				AA02098618E89BE500D6C1CB /* BoardQuadrant.h */,
				AA02098818E89D2F00D6C1CB /* BoardPartition.cpp */,
				AA02098918E89D2F00D6C1CB /* BoardPartition.h */,
			);
			path = objects;
			sourceTree = "<group>";
		};
		AA84442D18E75D8C0093D8CD /* patterns */ = {
			isa = PBXGroup;
			children = (
				AA84442E18E75D8C0093D8CD /* BulletPattern.cpp */,
				AA84442F18E75D8C0093D8CD /* BulletPattern.h */,
				AA84444A18E78A5D0093D8CD /* BulletPatternGroup.cpp */,
				AA84444B18E78A5D0093D8CD /* BulletPatternGroup.h */,
				AA84443018E75D8C0093D8CD /* CyclicEllipseBulletPattern.cpp */,
				AA84443118E75D8C0093D8CD /* CyclicEllipseBulletPattern.h */,
				AA84443218E75D8C0093D8CD /* FanOutBulletPattern.cpp */,
				AA84443318E75D8C0093D8CD /* FanOutBulletPattern.h */,
				AA84443418E75D8C0093D8CD /* OscillatingFanOutBulletPattern.cpp */,
				AA84443518E75D8C0093D8CD /* OscillatingFanOutBulletPattern.h */,
				AA84443618E75D8C0093D8CD /* RadialBulletPattern.cpp */,
				AA84443718E75D8C0093D8CD /* RadialBulletPattern.h */,
				AA84444718E769EE0093D8CD /* TargetedBulletPattern.cpp */,
				AA84444818E769EE0093D8CD /* TargetedBulletPattern.h */,
			);
			path = patterns;
			sourceTree = "<group>";
		};
		AAC40C0E18E86834000BBEAF /* libs */ = {
			isa = PBXGroup;
			children = (
				AAC40C0F18E86834000BBEAF /* ofxGamepad */,
			);
			path = libs;
			sourceTree = "<group>";
		};
		AAC40C0F18E86834000BBEAF /* ofxGamepad */ = {
			isa = PBXGroup;
			children = (
				AAC40C1018E86834000BBEAF /* .gitignore */,
				AAC40C2518E86834000BBEAF /* libs */,
				AAC40C5918E86834000BBEAF /* README */,
				AAC40C5A18E86834000BBEAF /* src */,
			);
			path = ofxGamepad;
			sourceTree = "<group>";
		};
		AAC40C2518E86834000BBEAF /* libs */ = {
			isa = PBXGroup;
			children = (
				AAC40C2618E86834000BBEAF /* wgois */,
			);
			path = libs;
			sourceTree = "<group>";
		};
		AAC40C2618E86834000BBEAF /* wgois */ = {
			isa = PBXGroup;
			children = (
				AAC40C2718E86834000BBEAF /* include */,
				AAC40C4E18E86834000BBEAF /* lib */,
			);
			path = wgois;
			sourceTree = "<group>";
		};
		AAC40C2718E86834000BBEAF /* include */ = {
			isa = PBXGroup;
			children = (
				AAC40C2818E86834000BBEAF /* linux */,
				AAC40C3018E86834000BBEAF /* mac */,
				AAC40C3818E86834000BBEAF /* OIS.h */,
				AAC40C3918E86834000BBEAF /* OISConfig.h */,
				AAC40C3A18E86834000BBEAF /* OISEffect.h */,
				AAC40C3B18E86834000BBEAF /* OISEvents.h */,
				AAC40C3C18E86834000BBEAF /* OISException.h */,
				AAC40C3D18E86834000BBEAF /* OISFactoryCreator.h */,
				AAC40C3E18E86834000BBEAF /* OISForceFeedback.h */,
				AAC40C3F18E86834000BBEAF /* OISInputManager.h */,
				AAC40C4018E86834000BBEAF /* OISInterface.h */,
				AAC40C4118E86834000BBEAF /* OISJoyStick.h */,
				AAC40C4218E86834000BBEAF /* OISKeyboard.h */,
				AAC40C4318E86834000BBEAF /* OISMouse.h */,
				AAC40C4418E86834000BBEAF /* OISMultiTouch.h */,
				AAC40C4518E86834000BBEAF /* OISObject.h */,
				AAC40C4618E86834000BBEAF /* OISPrereqs.h */,
				AAC40C4718E86834000BBEAF /* win32 */,
			);
			path = include;
			sourceTree = "<group>";
		};
		AAC40C2818E86834000BBEAF /* linux */ = {
			isa = PBXGroup;
			children = (
				AAC40C2918E86834000BBEAF /* EventHelpers.h */,
				AAC40C2A18E86834000BBEAF /* LinuxForceFeedback.h */,
				AAC40C2B18E86834000BBEAF /* LinuxInputManager.h */,
				AAC40C2C18E86834000BBEAF /* LinuxJoyStickEvents.h */,
				AAC40C2D18E86834000BBEAF /* LinuxKeyboard.h */,
				AAC40C2E18E86834000BBEAF /* LinuxMouse.h */,
				AAC40C2F18E86834000BBEAF /* LinuxPrereqs.h */,
			);
			path = linux;
			sourceTree = "<group>";
		};
		AAC40C3018E86834000BBEAF /* mac */ = {
			isa = PBXGroup;
			children = (
				AAC40C3118E86834000BBEAF /* MacHelpers.h */,
				AAC40C3218E86834000BBEAF /* MacHIDManager.h */,
				AAC40C3318E86834000BBEAF /* MacInputManager.h */,
				AAC40C3418E86834000BBEAF /* MacJoyStick.h */,
				AAC40C3518E86834000BBEAF /* MacKeyboard.h */,
				AAC40C3618E86834000BBEAF /* MacMouse.h */,
				AAC40C3718E86834000BBEAF /* MacPrereqs.h */,
			);
			path = mac;
			sourceTree = "<group>";
		};
		AAC40C4718E86834000BBEAF /* win32 */ = {
			isa = PBXGroup;
			children = (
				AAC40C4818E86834000BBEAF /* Win32ForceFeedback.h */,
				AAC40C4918E86834000BBEAF /* Win32InputManager.h */,
				AAC40C4A18E86834000BBEAF /* Win32JoyStick.h */,
				AAC40C4B18E86834000BBEAF /* Win32KeyBoard.h */,
				AAC40C4C18E86834000BBEAF /* Win32Mouse.h */,
				AAC40C4D18E86834000BBEAF /* Win32Prereqs.h */,
			);
			path = win32;
			sourceTree = "<group>";
		};
		AAC40C4E18E86834000BBEAF /* lib */ = {
			isa = PBXGroup;
			children = (
				AAC40C4F18E86834000BBEAF /* linux64 */,
				AAC40C5118E86834000BBEAF /* osx */,
				AAC40C5318E86834000BBEAF /* vs2008 */,
				AAC40C5618E86834000BBEAF /* vs2010 */,
			);
			path = lib;
			sourceTree = "<group>";
		};
		AAC40C4F18E86834000BBEAF /* linux64 */ = {
			isa = PBXGroup;
			children = (
				AAC40C5018E86834000BBEAF /* libwgois64.a */,
			);
			path = linux64;
			sourceTree = "<group>";
		};
		AAC40C5118E86834000BBEAF /* osx */ = {
			isa = PBXGroup;
			children = (
				AAC40C5218E86834000BBEAF /* libOIS.a */,
			);
			path = osx;
			sourceTree = "<group>";
		};
		AAC40C5318E86834000BBEAF /* vs2008 */ = {
			isa = PBXGroup;
			children = (
				AAC40C5418E86834000BBEAF /* OIS_static.lib */,
				AAC40C5518E86834000BBEAF /* OIS_static_d.lib */,
			);
			path = vs2008;
			sourceTree = "<group>";
		};
		AAC40C5618E86834000BBEAF /* vs2010 */ = {
			isa = PBXGroup;
			children = (
				AAC40C5718E86834000BBEAF /* OIS_vs2010_static.lib */,
				AAC40C5818E86834000BBEAF /* OIS_vs2010_static_d.lib */,
			);
			path = vs2010;
			sourceTree = "<group>";
		};
		AAC40C5A18E86834000BBEAF /* src */ = {
			isa = PBXGroup;
			children = (
				AAC40C5B18E86834000BBEAF /* ofxGamepad.cpp */,
				AAC40C5C18E86834000BBEAF /* ofxGamepad.h */,
				AAC40C5D18E86834000BBEAF /* ofxGamepadCamera.cpp */,
				AAC40C5E18E86834000BBEAF /* ofxGamepadCamera.h */,
				AAC40C5F18E86834000BBEAF /* ofxGamepadConfigs.h */,
				AAC40C6018E86834000BBEAF /* ofxGamepadHandler.cpp */,
				AAC40C6118E86834000BBEAF /* ofxGamepadHandler.h */,
				AAC40C6218E86834000BBEAF /* ofxGamepadLinux.cpp */,
				AAC40C6318E86834000BBEAF /* ofxGamepadLinux.h */,
				AAC40C6418E86834000BBEAF /* ofxGamepadOIS.cpp */,
				AAC40C6518E86834000BBEAF /* ofxGamepadOIS.h */,
			);
			path = src;
			sourceTree = "<group>";
		};
		BB4B014C10F69532006C3DED /* addons */ = {
			isa = PBXGroup;
			children = (
			);
			name = addons;
			sourceTree = "<group>";
		};
		BBAB23C913894ECA00AA2426 /* system frameworks */ = {
			isa = PBXGroup;
			children = (
				E7F985F515E0DE99003869B5 /* Accelerate.framework */,
				E4C2424410CC5A17004149E2 /* AppKit.framework */,
				E4C2424510CC5A17004149E2 /* Cocoa.framework */,
				E4C2424610CC5A17004149E2 /* IOKit.framework */,
				E45BE9710E8CC7DD009D7055 /* AGL.framework */,
				E45BE9720E8CC7DD009D7055 /* ApplicationServices.framework */,
				E45BE9730E8CC7DD009D7055 /* AudioToolbox.framework */,
				E45BE9740E8CC7DD009D7055 /* Carbon.framework */,
				E45BE9750E8CC7DD009D7055 /* CoreAudio.framework */,
				E45BE9760E8CC7DD009D7055 /* CoreFoundation.framework */,
				E45BE9770E8CC7DD009D7055 /* CoreServices.framework */,
				E45BE9790E8CC7DD009D7055 /* OpenGL.framework */,
				E45BE97A0E8CC7DD009D7055 /* QuickTime.framework */,
				E7E077E415D3B63C0020DFD4 /* CoreVideo.framework */,
				E7E077E715D3B6510020DFD4 /* QTKit.framework */,
			);
			name = "system frameworks";
			sourceTree = "<group>";
		};
		BBAB23CA13894EDB00AA2426 /* 3rd party frameworks */ = {
			isa = PBXGroup;
			children = (
				BBAB23BE13894E4700AA2426 /* GLUT.framework */,
			);
			name = "3rd party frameworks";
			sourceTree = "<group>";
		};
		E4328144138ABC890047C5CB /* Products */ = {
			isa = PBXGroup;
			children = (
				E4328148138ABC890047C5CB /* openFrameworksDebug.a */,
			);
			name = Products;
			sourceTree = "<group>";
		};
		E45BE5980E8CC70C009D7055 /* frameworks */ = {
			isa = PBXGroup;
			children = (
				BBAB23CA13894EDB00AA2426 /* 3rd party frameworks */,
				BBAB23C913894ECA00AA2426 /* system frameworks */,
			);
			name = frameworks;
			sourceTree = "<group>";
		};
		E4B69B4A0A3A1720003C02F2 = {
			isa = PBXGroup;
			children = (
				AAC40C0E18E86834000BBEAF /* libs */,
				E4B6FCAD0C3E899E008CF71C /* openFrameworks-Info.plist */,
				E4EB6923138AFD0F00A09F29 /* Project.xcconfig */,
				E4B69E1C0A3A1BDC003C02F2 /* src */,
				E4EEC9E9138DF44700A80321 /* openFrameworks */,
				BB4B014C10F69532006C3DED /* addons */,
				E45BE5980E8CC70C009D7055 /* frameworks */,
				AAC40C0D18E86463000BBEAF /* emptyExampleDebug.app */,
			);
			sourceTree = "<group>";
		};
		E4B69E1C0A3A1BDC003C02F2 /* src */ = {
			isa = PBXGroup;
			children = (
				AA84444318E75D930093D8CD /* testApp.h */,
				AA84443818E75D8C0093D8CD /* testApp.cpp */,
				AA84442518E75D8C0093D8CD /* main.cpp */,
				AA84442618E75D8C0093D8CD /* objects */,
				AA84442D18E75D8C0093D8CD /* patterns */,
			);
			path = src;
			sourceTree = SOURCE_ROOT;
		};
		E4EEC9E9138DF44700A80321 /* openFrameworks */ = {
			isa = PBXGroup;
			children = (
				E4EB691F138AFCF100A09F29 /* CoreOF.xcconfig */,
				E4328143138ABC890047C5CB /* openFrameworksLib.xcodeproj */,
			);
			name = openFrameworks;
			sourceTree = "<group>";
		};
/* End PBXGroup section */

/* Begin PBXNativeTarget section */
		E4B69B5A0A3A1756003C02F2 /* emptyExample */ = {
			isa = PBXNativeTarget;
			buildConfigurationList = E4B69B5F0A3A1757003C02F2 /* Build configuration list for PBXNativeTarget "emptyExample" */;
			buildPhases = (
				E4B69B580A3A1756003C02F2 /* Sources */,
				E4B69B590A3A1756003C02F2 /* Frameworks */,
				E4B6FFFD0C3F9AB9008CF71C /* ShellScript */,
				E4C2427710CC5ABF004149E2 /* CopyFiles */,
			);
			buildRules = (
			);
			dependencies = (
				E4EEB9AC138B136A00A80321 /* PBXTargetDependency */,
			);
			name = emptyExample;
			productName = myOFApp;
			productReference = AAC40C0D18E86463000BBEAF /* emptyExampleDebug.app */;
			productType = "com.apple.product-type.application";
		};
/* End PBXNativeTarget section */

/* Begin PBXProject section */
		E4B69B4C0A3A1720003C02F2 /* Project object */ = {
			isa = PBXProject;
			attributes = {
				LastUpgradeCheck = 0460;
			};
			buildConfigurationList = E4B69B4D0A3A1720003C02F2 /* Build configuration list for PBXProject "emptyExample" */;
			compatibilityVersion = "Xcode 3.2";
			developmentRegion = English;
			hasScannedForEncodings = 0;
			knownRegions = (
				English,
				Japanese,
				French,
				German,
			);
			mainGroup = E4B69B4A0A3A1720003C02F2;
			productRefGroup = E4B69B4A0A3A1720003C02F2;
			projectDirPath = "";
			projectReferences = (
				{
					ProductGroup = E4328144138ABC890047C5CB /* Products */;
					ProjectRef = E4328143138ABC890047C5CB /* openFrameworksLib.xcodeproj */;
				},
			);
			projectRoot = "";
			targets = (
				E4B69B5A0A3A1756003C02F2 /* emptyExample */,
			);
		};
/* End PBXProject section */

/* Begin PBXReferenceProxy section */
		E4328148138ABC890047C5CB /* openFrameworksDebug.a */ = {
			isa = PBXReferenceProxy;
			fileType = archive.ar;
			path = openFrameworksDebug.a;
			remoteRef = E4328147138ABC890047C5CB /* PBXContainerItemProxy */;
			sourceTree = BUILT_PRODUCTS_DIR;
		};
/* End PBXReferenceProxy section */

/* Begin PBXShellScriptBuildPhase section */
		E4B6FFFD0C3F9AB9008CF71C /* ShellScript */ = {
			isa = PBXShellScriptBuildPhase;
			buildActionMask = 2147483647;
			files = (
			);
			inputPaths = (
			);
			outputPaths = (
			);
			runOnlyForDeploymentPostprocessing = 0;
			shellPath = /bin/sh;
			shellScript = "cp -f ../../../libs/fmodex/lib/osx/libfmodex.dylib \"$TARGET_BUILD_DIR/$PRODUCT_NAME.app/Contents/MacOS/libfmodex.dylib\"; install_name_tool -change ./libfmodex.dylib @executable_path/libfmodex.dylib \"$TARGET_BUILD_DIR/$PRODUCT_NAME.app/Contents/MacOS/$PRODUCT_NAME\";\nmkdir -p \"$TARGET_BUILD_DIR/$PRODUCT_NAME.app/Contents/Resources/\"\ncp -f \"$ICON_FILE\" \"$TARGET_BUILD_DIR/$PRODUCT_NAME.app/Contents/Resources/\"\n";
		};
/* End PBXShellScriptBuildPhase section */

/* Begin PBXSourcesBuildPhase section */
		E4B69B580A3A1756003C02F2 /* Sources */ = {
			isa = PBXSourcesBuildPhase;
			buildActionMask = 2147483647;
			files = (
				AA84443C18E75D8C0093D8CD /* Player.cpp in Sources */,
				AA84443D18E75D8C0093D8CD /* BulletPattern.cpp in Sources */,
				AA84443918E75D8C0093D8CD /* main.cpp in Sources */,
				AA84444018E75D8C0093D8CD /* OscillatingFanOutBulletPattern.cpp in Sources */,
				AAC40C7218E86834000BBEAF /* ofxGamepadLinux.cpp in Sources */,
				AAC40C7318E86834000BBEAF /* ofxGamepadOIS.cpp in Sources */,
				AA02098A18E89D2F00D6C1CB /* BoardPartition.cpp in Sources */,
				AA84443F18E75D8C0093D8CD /* FanOutBulletPattern.cpp in Sources */,
				AAC40C7018E86834000BBEAF /* ofxGamepadCamera.cpp in Sources */,
				AA84444218E75D8C0093D8CD /* testApp.cpp in Sources */,
				AA84443A18E75D8C0093D8CD /* Bullet.cpp in Sources */,
				AA84444118E75D8C0093D8CD /* RadialBulletPattern.cpp in Sources */,
				AA84443E18E75D8C0093D8CD /* CyclicEllipseBulletPattern.cpp in Sources */,
				AA02098718E89BE500D6C1CB /* BoardQuadrant.cpp in Sources */,
				AA84444918E769EE0093D8CD /* TargetedBulletPattern.cpp in Sources */,
				AAC40C6F18E86834000BBEAF /* ofxGamepad.cpp in Sources */,
				AA84444C18E78A5D0093D8CD /* BulletPatternGroup.cpp in Sources */,
				AAC40C7118E86834000BBEAF /* ofxGamepadHandler.cpp in Sources */,
				AA84443B18E75D8C0093D8CD /* GameObject.cpp in Sources */,
			);
			runOnlyForDeploymentPostprocessing = 0;
		};
/* End PBXSourcesBuildPhase section */

/* Begin PBXTargetDependency section */
		E4EEB9AC138B136A00A80321 /* PBXTargetDependency */ = {
			isa = PBXTargetDependency;
			name = openFrameworks;
			targetProxy = E4EEB9AB138B136A00A80321 /* PBXContainerItemProxy */;
		};
/* End PBXTargetDependency section */

/* Begin XCBuildConfiguration section */
		E4B69B4E0A3A1720003C02F2 /* Debug */ = {
			isa = XCBuildConfiguration;
			baseConfigurationReference = E4EB6923138AFD0F00A09F29 /* Project.xcconfig */;
			buildSettings = {
				ARCHS = "$(NATIVE_ARCH)";
				CONFIGURATION_BUILD_DIR = "$(SRCROOT)/bin/";
				COPY_PHASE_STRIP = NO;
				DEAD_CODE_STRIPPING = YES;
				GCC_AUTO_VECTORIZATION = YES;
				GCC_ENABLE_SSE3_EXTENSIONS = YES;
				GCC_ENABLE_SUPPLEMENTAL_SSE3_INSTRUCTIONS = YES;
				GCC_INLINES_ARE_PRIVATE_EXTERN = NO;
				GCC_OPTIMIZATION_LEVEL = 0;
				GCC_SYMBOLS_PRIVATE_EXTERN = NO;
				GCC_WARN_ABOUT_DEPRECATED_FUNCTIONS = YES;
				GCC_WARN_ABOUT_INVALID_OFFSETOF_MACRO = NO;
				GCC_WARN_ALLOW_INCOMPLETE_PROTOCOL = NO;
				GCC_WARN_UNINITIALIZED_AUTOS = NO;
				GCC_WARN_UNUSED_VALUE = NO;
				GCC_WARN_UNUSED_VARIABLE = NO;
				HEADER_SEARCH_PATHS = (
					"$(OF_CORE_HEADERS)",
					src,
				);
				MACOSX_DEPLOYMENT_TARGET = 10.6;
				OTHER_CPLUSPLUSFLAGS = (
					"-D__MACOSX_CORE__",
					"-lpthread",
					"-mtune=native",
				);
				SDKROOT = macosx;
			};
			name = Debug;
		};
		E4B69B4F0A3A1720003C02F2 /* Release */ = {
			isa = XCBuildConfiguration;
			baseConfigurationReference = E4EB6923138AFD0F00A09F29 /* Project.xcconfig */;
			buildSettings = {
				ARCHS = "$(NATIVE_ARCH)";
				CONFIGURATION_BUILD_DIR = "$(SRCROOT)/bin/";
				COPY_PHASE_STRIP = YES;
				DEAD_CODE_STRIPPING = YES;
				GCC_AUTO_VECTORIZATION = YES;
				GCC_ENABLE_SSE3_EXTENSIONS = YES;
				GCC_ENABLE_SUPPLEMENTAL_SSE3_INSTRUCTIONS = YES;
				GCC_INLINES_ARE_PRIVATE_EXTERN = NO;
				GCC_OPTIMIZATION_LEVEL = 3;
				GCC_SYMBOLS_PRIVATE_EXTERN = NO;
				GCC_UNROLL_LOOPS = YES;
				GCC_WARN_ABOUT_DEPRECATED_FUNCTIONS = YES;
				GCC_WARN_ABOUT_INVALID_OFFSETOF_MACRO = NO;
				GCC_WARN_ALLOW_INCOMPLETE_PROTOCOL = NO;
				GCC_WARN_UNINITIALIZED_AUTOS = NO;
				GCC_WARN_UNUSED_VALUE = NO;
				GCC_WARN_UNUSED_VARIABLE = NO;
				HEADER_SEARCH_PATHS = (
					"$(OF_CORE_HEADERS)",
					src,
				);
				MACOSX_DEPLOYMENT_TARGET = 10.6;
				OTHER_CPLUSPLUSFLAGS = (
					"-D__MACOSX_CORE__",
					"-lpthread",
					"-mtune=native",
				);
				SDKROOT = macosx;
			};
			name = Release;
		};
		E4B69B600A3A1757003C02F2 /* Debug */ = {
			isa = XCBuildConfiguration;
			buildSettings = {
				COMBINE_HIDPI_IMAGES = YES;
				COPY_PHASE_STRIP = NO;
				FRAMEWORK_SEARCH_PATHS = (
					"$(inherited)",
					"$(FRAMEWORK_SEARCH_PATHS_QUOTED_FOR_TARGET_1)",
				);
				FRAMEWORK_SEARCH_PATHS_QUOTED_FOR_TARGET_1 = "\"$(SRCROOT)/../../../libs/glut/lib/osx\"";
				GCC_DYNAMIC_NO_PIC = NO;
				GCC_GENERATE_DEBUGGING_SYMBOLS = YES;
				GCC_MODEL_TUNING = NONE;
				ICON = "$(ICON_NAME_DEBUG)";
				ICON_FILE = "$(ICON_FILE_PATH)$(ICON)";
				INFOPLIST_FILE = "openFrameworks-Info.plist";
				INSTALL_PATH = "$(HOME)/Applications";
				LIBRARY_SEARCH_PATHS = (
					"$(inherited)",
					"$(LIBRARY_SEARCH_PATHS_QUOTED_FOR_TARGET_1)",
					"$(LIBRARY_SEARCH_PATHS_QUOTED_FOR_TARGET_2)",
					"$(LIBRARY_SEARCH_PATHS_QUOTED_FOR_TARGET_3)",
					"$(LIBRARY_SEARCH_PATHS_QUOTED_FOR_TARGET_4)",
					"$(LIBRARY_SEARCH_PATHS_QUOTED_FOR_TARGET_5)",
					"$(LIBRARY_SEARCH_PATHS_QUOTED_FOR_TARGET_6)",
					"$(LIBRARY_SEARCH_PATHS_QUOTED_FOR_TARGET_7)",
					"$(LIBRARY_SEARCH_PATHS_QUOTED_FOR_TARGET_8)",
					"$(LIBRARY_SEARCH_PATHS_QUOTED_FOR_TARGET_9)",
					"$(LIBRARY_SEARCH_PATHS_QUOTED_FOR_TARGET_10)",
					"$(LIBRARY_SEARCH_PATHS_QUOTED_FOR_TARGET_11)",
					"$(LIBRARY_SEARCH_PATHS_QUOTED_FOR_TARGET_12)",
					"$(LIBRARY_SEARCH_PATHS_QUOTED_FOR_TARGET_13)",
					"$(LIBRARY_SEARCH_PATHS_QUOTED_FOR_TARGET_14)",
					"$(LIBRARY_SEARCH_PATHS_QUOTED_FOR_TARGET_15)",
					"$(LIBRARY_SEARCH_PATHS_QUOTED_FOR_TARGET_2)",
					"$(LIBRARY_SEARCH_PATHS_QUOTED_FOR_TARGET_3)",
					"$(LIBRARY_SEARCH_PATHS_QUOTED_FOR_TARGET_7)",
					"$(LIBRARY_SEARCH_PATHS_QUOTED_FOR_TARGET_8)",
					"$(LIBRARY_SEARCH_PATHS_QUOTED_FOR_TARGET_9)",
					"$(LIBRARY_SEARCH_PATHS_QUOTED_FOR_TARGET_10)",
					"$(LIBRARY_SEARCH_PATHS_QUOTED_FOR_TARGET_11)",
					"$(LIBRARY_SEARCH_PATHS_QUOTED_FOR_TARGET_12)",
					"$(LIBRARY_SEARCH_PATHS_QUOTED_FOR_TARGET_13)",
					"$(LIBRARY_SEARCH_PATHS_QUOTED_FOR_TARGET_16)",
					"$(LIBRARY_SEARCH_PATHS_QUOTED_FOR_TARGET_17)",
					"$(LIBRARY_SEARCH_PATHS_QUOTED_FOR_TARGET_18)",
					"$(LIBRARY_SEARCH_PATHS_QUOTED_FOR_TARGET_19)",
					"$(LIBRARY_SEARCH_PATHS_QUOTED_FOR_TARGET_20)",
					"$(LIBRARY_SEARCH_PATHS_QUOTED_FOR_TARGET_21)",
					"$(LIBRARY_SEARCH_PATHS_QUOTED_FOR_TARGET_22)",
					"$(LIBRARY_SEARCH_PATHS_QUOTED_FOR_TARGET_23)",
					"$(LIBRARY_SEARCH_PATHS_QUOTED_FOR_TARGET_24)",
					"$(LIBRARY_SEARCH_PATHS_QUOTED_FOR_TARGET_25)",
					"$(LIBRARY_SEARCH_PATHS_QUOTED_FOR_TARGET_26)",
					"$(LIBRARY_SEARCH_PATHS_QUOTED_FOR_TARGET_27)",
					"$(LIBRARY_SEARCH_PATHS_QUOTED_FOR_TARGET_28)",
					"$(LIBRARY_SEARCH_PATHS_QUOTED_FOR_TARGET_29)",
					"$(LIBRARY_SEARCH_PATHS_QUOTED_FOR_TARGET_30)",
					"$(LIBRARY_SEARCH_PATHS_QUOTED_FOR_TARGET_31)",
					"$(LIBRARY_SEARCH_PATHS_QUOTED_FOR_TARGET_32)",
					"$(LIBRARY_SEARCH_PATHS_QUOTED_FOR_TARGET_33)",
					"$(LIBRARY_SEARCH_PATHS_QUOTED_FOR_TARGET_34)",
					"$(LIBRARY_SEARCH_PATHS_QUOTED_FOR_TARGET_35)",
					"$(LIBRARY_SEARCH_PATHS_QUOTED_FOR_TARGET_36)",
					"$(LIBRARY_SEARCH_PATHS_QUOTED_FOR_TARGET_37)",
					"$(LIBRARY_SEARCH_PATHS_QUOTED_FOR_TARGET_38)",
					"$(LIBRARY_SEARCH_PATHS_QUOTED_FOR_TARGET_39)",
					"$(LIBRARY_SEARCH_PATHS_QUOTED_FOR_TARGET_40)",
					"$(LIBRARY_SEARCH_PATHS_QUOTED_FOR_TARGET_41)",
					"$(LIBRARY_SEARCH_PATHS_QUOTED_FOR_TARGET_42)",
					"$(LIBRARY_SEARCH_PATHS_QUOTED_FOR_TARGET_43)",
					"$(LIBRARY_SEARCH_PATHS_QUOTED_FOR_TARGET_44)",
					"$(LIBRARY_SEARCH_PATHS_QUOTED_FOR_TARGET_45)",
					"$(LIBRARY_SEARCH_PATHS_QUOTED_FOR_TARGET_46)",
					"$(LIBRARY_SEARCH_PATHS_QUOTED_FOR_TARGET_47)",
					"$(LIBRARY_SEARCH_PATHS_QUOTED_FOR_TARGET_48)",
					"$(LIBRARY_SEARCH_PATHS_QUOTED_FOR_TARGET_49)",
					"$(LIBRARY_SEARCH_PATHS_QUOTED_FOR_TARGET_50)",
					"$(LIBRARY_SEARCH_PATHS_QUOTED_FOR_TARGET_51)",
					"$(LIBRARY_SEARCH_PATHS_QUOTED_FOR_TARGET_52)",
					"$(PROJECT_DIR)/libs/ofxGamepad/libs/wgois/lib/linux64",
					"$(PROJECT_DIR)/libs/ofxGamepad/libs/wgois/lib/osx",
					"$(PROJECT_DIR)/libs/ofxGamepad/libs/wgois/lib/vs2008",
					"$(PROJECT_DIR)/libs/ofxGamepad/libs/wgois/lib/vs2010",
				);
				PRODUCT_NAME = "$(TARGET_NAME)Debug";
				WRAPPER_EXTENSION = app;
			};
			name = Debug;
		};
		E4B69B610A3A1757003C02F2 /* Release */ = {
			isa = XCBuildConfiguration;
			buildSettings = {
				COMBINE_HIDPI_IMAGES = YES;
				COPY_PHASE_STRIP = YES;
				FRAMEWORK_SEARCH_PATHS = (
					"$(inherited)",
					"$(FRAMEWORK_SEARCH_PATHS_QUOTED_FOR_TARGET_1)",
				);
				FRAMEWORK_SEARCH_PATHS_QUOTED_FOR_TARGET_1 = "\"$(SRCROOT)/../../../libs/glut/lib/osx\"";
				GCC_GENERATE_DEBUGGING_SYMBOLS = YES;
				GCC_MODEL_TUNING = NONE;
				ICON = "$(ICON_NAME_RELEASE)";
				ICON_FILE = "$(ICON_FILE_PATH)$(ICON)";
				INFOPLIST_FILE = "openFrameworks-Info.plist";
				INSTALL_PATH = "$(HOME)/Applications";
				LIBRARY_SEARCH_PATHS = (
					"$(inherited)",
					"$(LIBRARY_SEARCH_PATHS_QUOTED_FOR_TARGET_1)",
					"$(LIBRARY_SEARCH_PATHS_QUOTED_FOR_TARGET_2)",
					"$(LIBRARY_SEARCH_PATHS_QUOTED_FOR_TARGET_3)",
					"$(LIBRARY_SEARCH_PATHS_QUOTED_FOR_TARGET_4)",
					"$(LIBRARY_SEARCH_PATHS_QUOTED_FOR_TARGET_5)",
					"$(LIBRARY_SEARCH_PATHS_QUOTED_FOR_TARGET_6)",
					"$(LIBRARY_SEARCH_PATHS_QUOTED_FOR_TARGET_7)",
					"$(LIBRARY_SEARCH_PATHS_QUOTED_FOR_TARGET_8)",
					"$(LIBRARY_SEARCH_PATHS_QUOTED_FOR_TARGET_9)",
					"$(LIBRARY_SEARCH_PATHS_QUOTED_FOR_TARGET_10)",
					"$(LIBRARY_SEARCH_PATHS_QUOTED_FOR_TARGET_11)",
					"$(LIBRARY_SEARCH_PATHS_QUOTED_FOR_TARGET_12)",
					"$(LIBRARY_SEARCH_PATHS_QUOTED_FOR_TARGET_13)",
					"$(LIBRARY_SEARCH_PATHS_QUOTED_FOR_TARGET_14)",
					"$(LIBRARY_SEARCH_PATHS_QUOTED_FOR_TARGET_15)",
					"$(LIBRARY_SEARCH_PATHS_QUOTED_FOR_TARGET_2)",
					"$(LIBRARY_SEARCH_PATHS_QUOTED_1)",
					"$(LIBRARY_SEARCH_PATHS_QUOTED_FOR_TARGET_3)",
					"$(LIBRARY_SEARCH_PATHS_QUOTED_FOR_TARGET_7)",
					"$(LIBRARY_SEARCH_PATHS_QUOTED_FOR_TARGET_8)",
					"$(LIBRARY_SEARCH_PATHS_QUOTED_FOR_TARGET_9)",
					"$(LIBRARY_SEARCH_PATHS_QUOTED_FOR_TARGET_10)",
					"$(LIBRARY_SEARCH_PATHS_QUOTED_FOR_TARGET_11)",
					"$(LIBRARY_SEARCH_PATHS_QUOTED_FOR_TARGET_12)",
					"$(LIBRARY_SEARCH_PATHS_QUOTED_FOR_TARGET_13)",
					"$(LIBRARY_SEARCH_PATHS_QUOTED_FOR_TARGET_16)",
					"$(LIBRARY_SEARCH_PATHS_QUOTED_FOR_TARGET_17)",
					"$(LIBRARY_SEARCH_PATHS_QUOTED_FOR_TARGET_18)",
					"$(LIBRARY_SEARCH_PATHS_QUOTED_FOR_TARGET_19)",
					"$(LIBRARY_SEARCH_PATHS_QUOTED_FOR_TARGET_20)",
					"$(LIBRARY_SEARCH_PATHS_QUOTED_FOR_TARGET_21)",
					"$(LIBRARY_SEARCH_PATHS_QUOTED_FOR_TARGET_22)",
					"$(LIBRARY_SEARCH_PATHS_QUOTED_FOR_TARGET_23)",
					"$(LIBRARY_SEARCH_PATHS_QUOTED_FOR_TARGET_24)",
					"$(LIBRARY_SEARCH_PATHS_QUOTED_FOR_TARGET_25)",
					"$(LIBRARY_SEARCH_PATHS_QUOTED_FOR_TARGET_26)",
					"$(LIBRARY_SEARCH_PATHS_QUOTED_FOR_TARGET_27)",
					"$(LIBRARY_SEARCH_PATHS_QUOTED_FOR_TARGET_28)",
					"$(LIBRARY_SEARCH_PATHS_QUOTED_FOR_TARGET_29)",
					"$(LIBRARY_SEARCH_PATHS_QUOTED_FOR_TARGET_30)",
					"$(LIBRARY_SEARCH_PATHS_QUOTED_FOR_TARGET_31)",
					"$(LIBRARY_SEARCH_PATHS_QUOTED_FOR_TARGET_32)",
					"$(LIBRARY_SEARCH_PATHS_QUOTED_FOR_TARGET_33)",
					"$(LIBRARY_SEARCH_PATHS_QUOTED_FOR_TARGET_34)",
					"$(LIBRARY_SEARCH_PATHS_QUOTED_FOR_TARGET_35)",
					"$(LIBRARY_SEARCH_PATHS_QUOTED_FOR_TARGET_36)",
					"$(LIBRARY_SEARCH_PATHS_QUOTED_FOR_TARGET_37)",
					"$(LIBRARY_SEARCH_PATHS_QUOTED_FOR_TARGET_38)",
					"$(LIBRARY_SEARCH_PATHS_QUOTED_FOR_TARGET_39)",
					"$(LIBRARY_SEARCH_PATHS_QUOTED_FOR_TARGET_40)",
					"$(LIBRARY_SEARCH_PATHS_QUOTED_FOR_TARGET_41)",
					"$(LIBRARY_SEARCH_PATHS_QUOTED_FOR_TARGET_42)",
					"$(LIBRARY_SEARCH_PATHS_QUOTED_FOR_TARGET_43)",
					"$(LIBRARY_SEARCH_PATHS_QUOTED_FOR_TARGET_44)",
					"$(LIBRARY_SEARCH_PATHS_QUOTED_FOR_TARGET_45)",
					"$(LIBRARY_SEARCH_PATHS_QUOTED_FOR_TARGET_46)",
					"$(LIBRARY_SEARCH_PATHS_QUOTED_FOR_TARGET_47)",
					"$(LIBRARY_SEARCH_PATHS_QUOTED_FOR_TARGET_48)",
					"$(LIBRARY_SEARCH_PATHS_QUOTED_FOR_TARGET_49)",
					"$(LIBRARY_SEARCH_PATHS_QUOTED_FOR_TARGET_50)",
					"$(LIBRARY_SEARCH_PATHS_QUOTED_FOR_TARGET_51)",
					"$(PROJECT_DIR)/libs/ofxGamepad/libs/wgois/lib/linux64",
					"$(PROJECT_DIR)/libs/ofxGamepad/libs/wgois/lib/osx",
					"$(PROJECT_DIR)/libs/ofxGamepad/libs/wgois/lib/vs2008",
					"$(PROJECT_DIR)/libs/ofxGamepad/libs/wgois/lib/vs2010",
				);
				PRODUCT_NAME = "$(TARGET_NAME)";
				WRAPPER_EXTENSION = app;
			};
			name = Release;
		};
/* End XCBuildConfiguration section */

/* Begin XCConfigurationList section */
		E4B69B4D0A3A1720003C02F2 /* Build configuration list for PBXProject "emptyExample" */ = {
			isa = XCConfigurationList;
			buildConfigurations = (
				E4B69B4E0A3A1720003C02F2 /* Debug */,
				E4B69B4F0A3A1720003C02F2 /* Release */,
			);
			defaultConfigurationIsVisible = 0;
			defaultConfigurationName = Release;
		};
		E4B69B5F0A3A1757003C02F2 /* Build configuration list for PBXNativeTarget "emptyExample" */ = {
			isa = XCConfigurationList;
			buildConfigurations = (
				E4B69B600A3A1757003C02F2 /* Debug */,
				E4B69B610A3A1757003C02F2 /* Release */,
			);
			defaultConfigurationIsVisible = 0;
			defaultConfigurationName = Release;
		};
/* End XCConfigurationList section */
	};
	rootObject = E4B69B4C0A3A1720003C02F2 /* Project object */;
}
